# @generated by Move, please check-in and do not edit manually.

[move]
version = 2
manifest_digest = "C98A8267F124123134EDE22C9B8FB9040CD6133873556667E0F0153D418B56D2"
deps_digest = "F8BBB0CCB2491CA29A3DF03D6F92277A4F3574266507ACD77214D37ECA3F3082"
dependencies = [
  { name = "Sui" },
]

[[move.package]]
name = "MoveStdlib"
source = { git = "https://github.com/MystenLabs/sui.git", rev = "framework/testnet", subdir = "crates/sui-framework/packages/move-stdlib" }

[[move.package]]
name = "Sui"
source = { git = "https://github.com/MystenLabs/sui.git", rev = "framework/testnet", subdir = "crates/sui-framework/packages/sui-framework" }

dependencies = [
  { name = "MoveStdlib" },
]

[move.toolchain-version]
compiler-version = "1.32.0"
edition = "2024.beta"
flavor = "sui"

[env]

[env.devnet]
chain-id = "6b9b3fe9"
original-published-id = "0x3d365744abdb9bde07fae61f46bdb597bdd09a924a1bae40e9b6959f082045a9"
latest-published-id = "0x3d365744abdb9bde07fae61f46bdb597bdd09a924a1bae40e9b6959f082045a9"
published-version = "1"
